{
  "name": "@writetome51/get-grouped-by-property",
  "version": "3.1.1",
  "lockfileVersion": 1,
  "requires": true,
  "dependencies": {
    "@arr/every": {
      "version": "1.0.1",
      "resolved": "https://registry.npmjs.org/@arr/every/-/every-1.0.1.tgz",
      "integrity": "sha512-UQFQ6SgyJ6LX42W8rHCs8KVc0JS0tzVL9ct4XYedJukskYVWTo49tNiMEK9C2HTyarbNiT/RVIRSY82vH+6sTg==",
      "dev": true
    },
    "@writetome51/alphabetize": {
      "version": "2.0.1",
      "resolved": "https://registry.npmjs.org/@writetome51/alphabetize/-/alphabetize-2.0.1.tgz",
      "integrity": "sha512-c/cMAYetRq6qykRXM2CYDLaqb4gl2/hQxbUqUVsQtAgdW4p3A5jQzUt4T5KxQL2Uknh0FIwADy2b2t2iOlVe7A==",
      "requires": {
        "@writetome51/to-str": ">=0.0.1"
      }
    },
    "@writetome51/array-append-prepend": {
      "version": "3.0.0",
      "resolved": "https://registry.npmjs.org/@writetome51/array-append-prepend/-/array-append-prepend-3.0.0.tgz",
      "integrity": "sha512-lgh1zL4f6m5VancP4ZeSYE/HwQ0hfP4k74tg6pWvj5sPJOlibw4BfSRGRKalAFITJqY0KmZb8RX2bECueE4ZHg=="
    },
    "@writetome51/arrays-match": {
      "version": "2.0.2",
      "resolved": "https://registry.npmjs.org/@writetome51/arrays-match/-/arrays-match-2.0.2.tgz",
      "integrity": "sha512-dpp3cIH0o8eaZ73uKC0eSrhn0sgnE5fd5gJK4q123MrBIfF8KnjV4h1udWxcZa7LdYLpGHTCfJRlUuVs9zkWxA==",
      "dev": true,
      "requires": {
        "@arr/every": "^1.0.1",
        "@writetome51/is-array-not-array": "^2.0.0",
        "@writetome51/is-empty-not-empty": "^2.0.1",
        "error-if-values-are-not-arrays": "^2.0.1"
      }
    },
    "@writetome51/get-array-copy": {
      "version": "1.0.0",
      "resolved": "https://registry.npmjs.org/@writetome51/get-array-copy/-/get-array-copy-1.0.0.tgz",
      "integrity": "sha512-t2E8n/80SE9k6WUq6ovDXnKTRPcbMM0qqu738wTASSW8bbBKEWhZ8oF+hX5xCjP0EWkRln5BzN/6tztaMVgdAA==",
      "requires": {
        "error-if-not-array": "^2.0.0"
      }
    },
    "@writetome51/get-property": {
      "version": "2.0.2",
      "resolved": "https://registry.npmjs.org/@writetome51/get-property/-/get-property-2.0.2.tgz",
      "integrity": "sha512-LzPODGAfd0SDEIuwXBgKx+RrldorI+3lQGGYCLg8kMfBG+sM2M463KYUAf+j6ENQ9G48ZCbsX7SHdPLvsns0gg=="
    },
    "@writetome51/is-array-not-array": {
      "version": "2.0.0",
      "resolved": "https://registry.npmjs.org/@writetome51/is-array-not-array/-/is-array-not-array-2.0.0.tgz",
      "integrity": "sha512-IVc3BgxLuBsSPzteYbwpgOYyqP0DjpIMsPbjSOrCeMAGvJhojLBiBkw/I70faMs6iuPalOklfGm60XcRU7aZ3g==",
      "dev": true
    },
    "@writetome51/is-empty-not-empty": {
      "version": "2.0.1",
      "resolved": "https://registry.npmjs.org/@writetome51/is-empty-not-empty/-/is-empty-not-empty-2.0.1.tgz",
      "integrity": "sha512-wpB7AUlNywDhEjlsZZNRBAsp+55458Ot6A7tcr8maAR9+6YS62hYFapn/Ko6jjF9P4FlDKlrMyEPiGnF8b1rbQ==",
      "dev": true,
      "requires": {
        "error-if-not-finite-number": "^2.0.0"
      }
    },
    "@writetome51/not": {
      "version": "2.0.0",
      "resolved": "https://registry.npmjs.org/@writetome51/not/-/not-2.0.0.tgz",
      "integrity": "sha512-CS+S0XafZPStxI16/27TBIfQETu5JfvD9VPBbw7sr42Vjotv6q02IjtwLgfAVcjQlsj+IL5I+2Hs6uoI7kinmA==",
      "dev": true
    },
    "@writetome51/order-numerically": {
      "version": "1.0.0",
      "resolved": "https://registry.npmjs.org/@writetome51/order-numerically/-/order-numerically-1.0.0.tgz",
      "integrity": "sha512-QhsIPJ5sm+srGqdaSg4EKg6XMV2IRt1SCc2nQ5h5QDJF4VWw/xu6pK9m2/A62bwRj4MxQQhSfs8KYlz1McNvSg==",
      "requires": {
        "timsort": "^0.3.0"
      }
    },
    "@writetome51/sort-by-property": {
      "version": "1.0.0",
      "resolved": "https://registry.npmjs.org/@writetome51/sort-by-property/-/sort-by-property-1.0.0.tgz",
      "integrity": "sha512-sqEYVlA1RPgKqZJ+8kHDiumMlMBOlpwJ5lTSoJjFcBZ6059UyI14723ZIJUJ/CFnHos8gLdpyYZeu1CigWO7lw==",
      "requires": {
        "@writetome51/alphabetize": "^2.0.0",
        "@writetome51/get-property": "^2.0.1",
        "@writetome51/order-numerically": "^1.0.0",
        "error-if-length-is-zero": "^1.0.1"
      }
    },
    "@writetome51/to-str": {
      "version": "0.0.1",
      "resolved": "https://registry.npmjs.org/@writetome51/to-str/-/to-str-0.0.1.tgz",
      "integrity": "sha512-DtS7pjaf2moRZSrdI4TCLRMVguQ75Djm3jEgv/SjzIycbdYdKYVHQE6iIQX/fF2JJ10FJ48G4w42vgNd9W5xTQ=="
    },
    "error-if-length-is-zero": {
      "version": "1.0.1",
      "resolved": "https://registry.npmjs.org/error-if-length-is-zero/-/error-if-length-is-zero-1.0.1.tgz",
      "integrity": "sha512-UB2bqtLZ9lpexrsjQbH6UkdBJpmeesBQZHGEYwOFoiKReRuQlG/cODCOMNY+Fq8EFyeF1gg99eMSjdztqUEQqA=="
    },
    "error-if-not-array": {
      "version": "2.0.0",
      "resolved": "https://registry.npmjs.org/error-if-not-array/-/error-if-not-array-2.0.0.tgz",
      "integrity": "sha512-kBAYpWy9xGjELgGqmS2QPbRJPXfacAxBwgitXIwMEglY0p3C2p4++sf3uDszXaDoy4cwgGrFj+FkthsxQFh/ag=="
    },
    "error-if-not-finite-number": {
      "version": "2.0.1",
      "resolved": "https://registry.npmjs.org/error-if-not-finite-number/-/error-if-not-finite-number-2.0.1.tgz",
      "integrity": "sha512-lJCeBRfsEfAaPfrpt6+apvV0IoyOyLwH7x7t/62KTwTCw2BPHcCUvSN83WFD3/nfs4lKJE8gtPxTFMYRGqX4gg==",
      "dev": true,
      "requires": {
        "@writetome51/not": ">=2.0.0"
      }
    },
    "error-if-values-are-not-arrays": {
      "version": "2.0.1",
      "resolved": "https://registry.npmjs.org/error-if-values-are-not-arrays/-/error-if-values-are-not-arrays-2.0.1.tgz",
      "integrity": "sha512-DiK9y6+4toBSg1glPr0yTkI7SfaFo4FCVyNuLaKLuuH++z10XnVE/zV2m+sAw1QWL7RlhxFJU1/SnkwFWker7g==",
      "dev": true,
      "requires": {
        "error-if-not-array": "^2.0.0"
      }
    },
    "timsort": {
      "version": "0.3.0",
      "resolved": "https://registry.npmjs.org/timsort/-/timsort-0.3.0.tgz",
      "integrity": "sha1-QFQRqOfmM5/mTbmiNN4R3DHgK9Q="
    }
  }
}
